
Microsoft Visual Studio Solution File, Format Version 12.00
# Visual Studio Version 17
VisualStudioVersion = 17.12.35527.113
MinimumVisualStudioVersion = 10.0.40219.1
Project("{2150E333-8FDC-42A3-9474-1A3956D46DE8}") = "src", "src", "{04E57EB7-17B6-41E3-AFB9-84E8940DF72D}"
EndProject
Project("{2150E333-8FDC-42A3-9474-1A3956D46DE8}") = "ApiGateways", "ApiGateways", "{348FC367-C67F-4370-97B0-7BAD574BA0B2}"
EndProject
Project("{2150E333-8FDC-42A3-9474-1A3956D46DE8}") = "BuildingBlocks", "BuildingBlocks", "{B48D7FC9-E66A-4F67-BB9E-0756C10F4D99}"
EndProject
Project("{2150E333-8FDC-42A3-9474-1A3956D46DE8}") = "Services", "Services", "{792EA069-11D3-417E-86DE-37D9754B79C7}"
EndProject
Project("{2150E333-8FDC-42A3-9474-1A3956D46DE8}") = "EventBus", "EventBus", "{0C10A49F-2D1A-4A26-8FA1-93CC6076CCF2}"
EndProject
Project("{FAE04EC0-301F-11D3-BF4B-00C04F79EFBC}") = "EventBus.Base", "src\BuildingBlocks\EventBus\EventBus.Base\EventBus.Base.csproj", "{9D8CFA37-63D8-432C-8153-0A38EB88F085}"
EndProject
Project("{FAE04EC0-301F-11D3-BF4B-00C04F79EFBC}") = "EventBus.Factory", "src\BuildingBlocks\EventBus\EventBus.Factory\EventBus.Factory.csproj", "{C3CD2168-9F57-43AD-A1C1-6A080805A11F}"
EndProject
Project("{FAE04EC0-301F-11D3-BF4B-00C04F79EFBC}") = "EventBus.RabbitMQ", "src\BuildingBlocks\EventBus\EventBus.RabbitMQ\EventBus.RabbitMQ.csproj", "{4A4CEB30-834C-45AA-916E-2A9A6A080FA3}"
EndProject
Project("{2150E333-8FDC-42A3-9474-1A3956D46DE8}") = "BasketService", "BasketService", "{484C8E89-0CB5-47AE-B4D0-F600DB72C92E}"
EndProject
Project("{2150E333-8FDC-42A3-9474-1A3956D46DE8}") = "GameService", "GameService", "{1906D5C1-DA07-4EB7-BE5D-F7A2C1D691DC}"
EndProject
Project("{2150E333-8FDC-42A3-9474-1A3956D46DE8}") = "IdentityService", "IdentityService", "{F0D23543-47D4-4343-81CB-596B25E2537F}"
EndProject
Project("{2150E333-8FDC-42A3-9474-1A3956D46DE8}") = "LibraryService", "LibraryService", "{73F8FF05-D722-42F2-9327-55817348E277}"
EndProject
Project("{2150E333-8FDC-42A3-9474-1A3956D46DE8}") = "NotificationService", "NotificationService", "{0C57A442-6FF8-4DDF-A6B1-E681BBAD0216}"
EndProject
Project("{2150E333-8FDC-42A3-9474-1A3956D46DE8}") = "OrderService", "OrderService", "{BF19FFC0-EF2F-4772-A5C7-52B780BE6C32}"
EndProject
Project("{2150E333-8FDC-42A3-9474-1A3956D46DE8}") = "PaymentService", "PaymentService", "{443C08A9-8DF7-476E-98E4-967239388FF3}"
EndProject
Project("{FAE04EC0-301F-11D3-BF4B-00C04F79EFBC}") = "GameService.Domain", "src\Services\GameService\GameService.Domain\GameService.Domain.csproj", "{7601E2DD-C26A-4E4D-88B9-E8501CA6444D}"
EndProject
Project("{FAE04EC0-301F-11D3-BF4B-00C04F79EFBC}") = "GameService.Application", "src\Services\GameService\GameService.Application\GameService.Application.csproj", "{DB222F7F-C0C9-4DBE-899F-479CC9BEC5BE}"
EndProject
Project("{FAE04EC0-301F-11D3-BF4B-00C04F79EFBC}") = "GameService.Infrastructure", "src\Services\GameService\GameService.Infrastructure\GameService.Infrastructure.csproj", "{644C9E40-4F50-4DFB-A515-A6DD18C43D4A}"
EndProject
Project("{FAE04EC0-301F-11D3-BF4B-00C04F79EFBC}") = "GameService.API", "src\Services\GameService\GameService.API\GameService.API.csproj", "{7EAE3A2C-9F80-4BE7-8CDE-66298DE7DCD0}"
EndProject
Project("{FAE04EC0-301F-11D3-BF4B-00C04F79EFBC}") = "PaymentProcessor", "src\Services\PaymentService\PaymentProcessor\PaymentProcessor.csproj", "{6D367D09-042B-497F-9DE5-636FD6F984AC}"
EndProject
Project("{FAE04EC0-301F-11D3-BF4B-00C04F79EFBC}") = "NotificationService.Api", "src\Services\NotificationService\NotificationService.Api\NotificationService.Api.csproj", "{9B6917E2-836B-4668-A946-F228DB76DF9B}"
EndProject
Project("{FAE04EC0-301F-11D3-BF4B-00C04F79EFBC}") = "IdentityService.Api", "src\Services\IdentityService\IdentityService.Api\IdentityService.Api.csproj", "{2A323551-EC11-42D0-ADA3-D09C37C9B864}"
EndProject
Project("{FAE04EC0-301F-11D3-BF4B-00C04F79EFBC}") = "ApiGateway", "src\ApiGateways\ApiGateway\ApiGateway.csproj", "{4E1155D4-40F5-479B-984B-A8B1E9060C12}"
EndProject
Global
	GlobalSection(SolutionConfigurationPlatforms) = preSolution
		Debug|Any CPU = Debug|Any CPU
		Release|Any CPU = Release|Any CPU
	EndGlobalSection
	GlobalSection(ProjectConfigurationPlatforms) = postSolution
		{9D8CFA37-63D8-432C-8153-0A38EB88F085}.Debug|Any CPU.ActiveCfg = Debug|Any CPU
		{9D8CFA37-63D8-432C-8153-0A38EB88F085}.Debug|Any CPU.Build.0 = Debug|Any CPU
		{9D8CFA37-63D8-432C-8153-0A38EB88F085}.Release|Any CPU.ActiveCfg = Release|Any CPU
		{9D8CFA37-63D8-432C-8153-0A38EB88F085}.Release|Any CPU.Build.0 = Release|Any CPU
		{C3CD2168-9F57-43AD-A1C1-6A080805A11F}.Debug|Any CPU.ActiveCfg = Debug|Any CPU
		{C3CD2168-9F57-43AD-A1C1-6A080805A11F}.Debug|Any CPU.Build.0 = Debug|Any CPU
		{C3CD2168-9F57-43AD-A1C1-6A080805A11F}.Release|Any CPU.ActiveCfg = Release|Any CPU
		{C3CD2168-9F57-43AD-A1C1-6A080805A11F}.Release|Any CPU.Build.0 = Release|Any CPU
		{4A4CEB30-834C-45AA-916E-2A9A6A080FA3}.Debug|Any CPU.ActiveCfg = Debug|Any CPU
		{4A4CEB30-834C-45AA-916E-2A9A6A080FA3}.Debug|Any CPU.Build.0 = Debug|Any CPU
		{4A4CEB30-834C-45AA-916E-2A9A6A080FA3}.Release|Any CPU.ActiveCfg = Release|Any CPU
		{4A4CEB30-834C-45AA-916E-2A9A6A080FA3}.Release|Any CPU.Build.0 = Release|Any CPU
		{7601E2DD-C26A-4E4D-88B9-E8501CA6444D}.Debug|Any CPU.ActiveCfg = Debug|Any CPU
		{7601E2DD-C26A-4E4D-88B9-E8501CA6444D}.Debug|Any CPU.Build.0 = Debug|Any CPU
		{7601E2DD-C26A-4E4D-88B9-E8501CA6444D}.Release|Any CPU.ActiveCfg = Release|Any CPU
		{7601E2DD-C26A-4E4D-88B9-E8501CA6444D}.Release|Any CPU.Build.0 = Release|Any CPU
		{DB222F7F-C0C9-4DBE-899F-479CC9BEC5BE}.Debug|Any CPU.ActiveCfg = Debug|Any CPU
		{DB222F7F-C0C9-4DBE-899F-479CC9BEC5BE}.Debug|Any CPU.Build.0 = Debug|Any CPU
		{DB222F7F-C0C9-4DBE-899F-479CC9BEC5BE}.Release|Any CPU.ActiveCfg = Release|Any CPU
		{DB222F7F-C0C9-4DBE-899F-479CC9BEC5BE}.Release|Any CPU.Build.0 = Release|Any CPU
		{644C9E40-4F50-4DFB-A515-A6DD18C43D4A}.Debug|Any CPU.ActiveCfg = Debug|Any CPU
		{644C9E40-4F50-4DFB-A515-A6DD18C43D4A}.Debug|Any CPU.Build.0 = Debug|Any CPU
		{644C9E40-4F50-4DFB-A515-A6DD18C43D4A}.Release|Any CPU.ActiveCfg = Release|Any CPU
		{644C9E40-4F50-4DFB-A515-A6DD18C43D4A}.Release|Any CPU.Build.0 = Release|Any CPU
		{7EAE3A2C-9F80-4BE7-8CDE-66298DE7DCD0}.Debug|Any CPU.ActiveCfg = Debug|Any CPU
		{7EAE3A2C-9F80-4BE7-8CDE-66298DE7DCD0}.Debug|Any CPU.Build.0 = Debug|Any CPU
		{7EAE3A2C-9F80-4BE7-8CDE-66298DE7DCD0}.Release|Any CPU.ActiveCfg = Release|Any CPU
		{7EAE3A2C-9F80-4BE7-8CDE-66298DE7DCD0}.Release|Any CPU.Build.0 = Release|Any CPU
		{6D367D09-042B-497F-9DE5-636FD6F984AC}.Debug|Any CPU.ActiveCfg = Debug|Any CPU
		{6D367D09-042B-497F-9DE5-636FD6F984AC}.Debug|Any CPU.Build.0 = Debug|Any CPU
		{6D367D09-042B-497F-9DE5-636FD6F984AC}.Release|Any CPU.ActiveCfg = Release|Any CPU
		{6D367D09-042B-497F-9DE5-636FD6F984AC}.Release|Any CPU.Build.0 = Release|Any CPU
		{9B6917E2-836B-4668-A946-F228DB76DF9B}.Debug|Any CPU.ActiveCfg = Debug|Any CPU
		{9B6917E2-836B-4668-A946-F228DB76DF9B}.Debug|Any CPU.Build.0 = Debug|Any CPU
		{9B6917E2-836B-4668-A946-F228DB76DF9B}.Release|Any CPU.ActiveCfg = Release|Any CPU
		{9B6917E2-836B-4668-A946-F228DB76DF9B}.Release|Any CPU.Build.0 = Release|Any CPU
		{2A323551-EC11-42D0-ADA3-D09C37C9B864}.Debug|Any CPU.ActiveCfg = Debug|Any CPU
		{2A323551-EC11-42D0-ADA3-D09C37C9B864}.Debug|Any CPU.Build.0 = Debug|Any CPU
		{2A323551-EC11-42D0-ADA3-D09C37C9B864}.Release|Any CPU.ActiveCfg = Release|Any CPU
		{2A323551-EC11-42D0-ADA3-D09C37C9B864}.Release|Any CPU.Build.0 = Release|Any CPU
		{4E1155D4-40F5-479B-984B-A8B1E9060C12}.Debug|Any CPU.ActiveCfg = Debug|Any CPU
		{4E1155D4-40F5-479B-984B-A8B1E9060C12}.Debug|Any CPU.Build.0 = Debug|Any CPU
		{4E1155D4-40F5-479B-984B-A8B1E9060C12}.Release|Any CPU.ActiveCfg = Release|Any CPU
		{4E1155D4-40F5-479B-984B-A8B1E9060C12}.Release|Any CPU.Build.0 = Release|Any CPU
	EndGlobalSection
	GlobalSection(SolutionProperties) = preSolution
		HideSolutionNode = FALSE
	EndGlobalSection
	GlobalSection(NestedProjects) = preSolution
		{348FC367-C67F-4370-97B0-7BAD574BA0B2} = {04E57EB7-17B6-41E3-AFB9-84E8940DF72D}
		{B48D7FC9-E66A-4F67-BB9E-0756C10F4D99} = {04E57EB7-17B6-41E3-AFB9-84E8940DF72D}
		{792EA069-11D3-417E-86DE-37D9754B79C7} = {04E57EB7-17B6-41E3-AFB9-84E8940DF72D}
		{0C10A49F-2D1A-4A26-8FA1-93CC6076CCF2} = {B48D7FC9-E66A-4F67-BB9E-0756C10F4D99}
		{9D8CFA37-63D8-432C-8153-0A38EB88F085} = {0C10A49F-2D1A-4A26-8FA1-93CC6076CCF2}
		{C3CD2168-9F57-43AD-A1C1-6A080805A11F} = {0C10A49F-2D1A-4A26-8FA1-93CC6076CCF2}
		{4A4CEB30-834C-45AA-916E-2A9A6A080FA3} = {0C10A49F-2D1A-4A26-8FA1-93CC6076CCF2}
		{484C8E89-0CB5-47AE-B4D0-F600DB72C92E} = {792EA069-11D3-417E-86DE-37D9754B79C7}
		{1906D5C1-DA07-4EB7-BE5D-F7A2C1D691DC} = {792EA069-11D3-417E-86DE-37D9754B79C7}
		{F0D23543-47D4-4343-81CB-596B25E2537F} = {792EA069-11D3-417E-86DE-37D9754B79C7}
		{73F8FF05-D722-42F2-9327-55817348E277} = {792EA069-11D3-417E-86DE-37D9754B79C7}
		{0C57A442-6FF8-4DDF-A6B1-E681BBAD0216} = {792EA069-11D3-417E-86DE-37D9754B79C7}
		{BF19FFC0-EF2F-4772-A5C7-52B780BE6C32} = {792EA069-11D3-417E-86DE-37D9754B79C7}
		{443C08A9-8DF7-476E-98E4-967239388FF3} = {792EA069-11D3-417E-86DE-37D9754B79C7}
		{7601E2DD-C26A-4E4D-88B9-E8501CA6444D} = {1906D5C1-DA07-4EB7-BE5D-F7A2C1D691DC}
		{DB222F7F-C0C9-4DBE-899F-479CC9BEC5BE} = {1906D5C1-DA07-4EB7-BE5D-F7A2C1D691DC}
		{644C9E40-4F50-4DFB-A515-A6DD18C43D4A} = {1906D5C1-DA07-4EB7-BE5D-F7A2C1D691DC}
		{7EAE3A2C-9F80-4BE7-8CDE-66298DE7DCD0} = {1906D5C1-DA07-4EB7-BE5D-F7A2C1D691DC}
		{6D367D09-042B-497F-9DE5-636FD6F984AC} = {443C08A9-8DF7-476E-98E4-967239388FF3}
		{9B6917E2-836B-4668-A946-F228DB76DF9B} = {0C57A442-6FF8-4DDF-A6B1-E681BBAD0216}
		{2A323551-EC11-42D0-ADA3-D09C37C9B864} = {F0D23543-47D4-4343-81CB-596B25E2537F}
		{4E1155D4-40F5-479B-984B-A8B1E9060C12} = {348FC367-C67F-4370-97B0-7BAD574BA0B2}
	EndGlobalSection
EndGlobal
